
Microsoft Visual Studio Solution File, Format Version 12.00
# Visual Studio Version 17
VisualStudioVersion = 17.1.32210.238
MinimumVisualStudioVersion = 10.0.40219.1
Project("{FAE04EC0-301F-11D3-BF4B-00C04F79EFBC}") = "BANKLYFINANCIALAPP", "BANKLYFINANCIALAPP.csproj", "{903EB8C0-3459-4E0D-82E8-F8BFE4BF388D}"
EndProject
Global
	GlobalSection(SolutionConfigurationPlatforms) = preSolution
		Debug|Any CPU = Debug|Any CPU
		Release|Any CPU = Release|Any CPU
	EndGlobalSection
	GlobalSection(ProjectConfigurationPlatforms) = postSolution
		{903EB8C0-3459-4E0D-82E8-F8BFE4BF388D}.Debug|Any CPU.ActiveCfg = Debug|Any CPU
		{903EB8C0-3459-4E0D-82E8-F8BFE4BF388D}.Debug|Any CPU.Build.0 = Debug|Any CPU
		{903EB8C0-3459-4E0D-82E8-F8BFE4BF388D}.Release|Any CPU.ActiveCfg = Release|Any CPU
		{903EB8C0-3459-4E0D-82E8-F8BFE4BF388D}.Release|Any CPU.Build.0 = Release|Any CPU
	EndGlobalSection
	GlobalSection(SolutionProperties) = preSolution
		HideSolutionNode = FALSE
	EndGlobalSection
	GlobalSection(ExtensibilityGlobals) = postSolution
		SolutionGuid = {16C4C445-2330-4802-B5F2-DBA941179123}
	EndGlobalSection
EndGlobal
